# This file was autogenerated by Stack.
# You should not edit this file by hand.
# For more information, please see the documentation at:
#   https://docs.haskellstack.org/en/stable/lock_files

packages:
- completed:
    hackage: discord-haskell-1.10.0@sha256:84a8efffdd12a5ab08540ed06628c30a344a39579735b813f1418d25f8414d95,3631
    pantry-tree:
      size: 2109
      sha256: c8305745ecf7c2149ed8df5adc19a451d4a098317240a38fd343ecfbd424cfab
  original:
    hackage: discord-haskell-1.10.0
- completed:
    hackage: emoji-0.1.0.2@sha256:d995572a5c7dcd28f98eb15c6e387a7b3bda1ac2477ab0d9dba8580d5d7b161f,1273
    pantry-tree:
      size: 437
      sha256: dd9ea90a631342e5db0fc21331ade4d563a685e9125d5a3989eefa8e1b96c6c6
  original:
    hackage: emoji-0.1.0.2
- completed:
    hackage: load-env-0.2.1.0@sha256:17628d397cf7ba6af9bf103c2c3592bb246e2ad58bd019cc5071c654887b1083,1866
    pantry-tree:
      size: 601
      sha256: 12947042909a99d32d10cb72865db781867f34c0bd28c430091c2b80db1f1109
  original:
    hackage: load-env-0.2.1.0
- completed:
    hackage: megaparsec-9.0.1@sha256:2244ab77521a52a0083966c5405b3151f149e1db50b1a5b104cd9b1e56617203,3248
    pantry-tree:
      size: 1447
      sha256: 0e2df0d318e48e352b3d766c46cdabc3abb5dcc3dfcb062bdd0a8d44f34a975c
  original:
    hackage: megaparsec-9.0.1
- completed:
    hackage: persistent-2.11.0.4@sha256:a55a9a30d663407d77e2ea0e65b1e29e3aa2ecf531d7d758ded31c415875e216,4735
    pantry-tree:
      size: 2099
      sha256: 0523f5ccae1ad92f3717e6fc8de7dae6907da00b08da3313a7afbc5c47b376e6
  original:
    hackage: persistent-2.11.0.4
- completed:
    hackage: persistent-sqlite-2.11.1.0@sha256:0455c3c23798f869a4409e23ddee62e0a6dc969faa0a6f8cc63c3744183b31a0,5141
    pantry-tree:
      size: 749
      sha256: 23904794186cc54b86e6b5cdd175830e52741d0e7bd8817f053f4e9445b5d9d4
  original:
    hackage: persistent-sqlite-2.11.1.0
- completed:
    hackage: persistent-template-2.9.1.0@sha256:1c83eeaadd43dd33ecd13caaf751d68d36bba2803eca05e5dd6b4e4d05b4d9d3,3008
    pantry-tree:
      size: 776
      sha256: 894d89bf298707914b97426568ad486d8a73e88bd3398aabba6fcdb8644f4973
  original:
    hackage: persistent-template-2.9.1.0@rev:2
- completed:
    hackage: esqueleto-3.4.1.1@sha256:b980d6c76cf288a84a32a0413d55b408357c5650a8ec2f4c2c5198574f9ed561,5869
    pantry-tree:
      size: 1542
      sha256: 7182cd5700a20bf8a153d531842f08b7c0f744943813d9b87d2065c301fe52ec
  original:
    hackage: esqueleto-3.4.1.1
- completed:
    hackage: duckling-0.2.0.0@sha256:84becd4e48ee3676cdd6fe5745a77ee60e365ea730cd759610c8a7738f3eb4a6,60543
    pantry-tree:
      size: 74021
      sha256: e3d7464dc3b30bc64787288cdff3fd4b53fde8a3829d0ee0e62f3b8a37ba28b3
  original:
    hackage: duckling-0.2.0.0
- completed:
    hackage: dependent-sum-0.7.1.0@sha256:2943074c14ba06401d5bf47aeb71ed3a3f68da4d3db3ae4ca9ac02f35458fc34,2147
    pantry-tree:
      size: 290
      sha256: 64370d3d5a86df30b4460e55d980074fe7577eef0385101a31da8e2de50b8813
  original:
    hackage: dependent-sum-0.7.1.0
- completed:
    hackage: constraints-extras-0.3.1.0@sha256:c70fcf437e1d640cfd50a8eda1db47a64e49c96857e08fd0d8c438327d908ac1,1846
    pantry-tree:
      size: 595
      sha256: f29920355b21ef7a7218573591aa740b01b3d1fb3b0bbd66e2f726d091d56fb2
  original:
    hackage: constraints-extras-0.3.1.0
snapshots:
- completed:
    size: 586296
    url: https://raw.githubusercontent.com/commercialhaskell/stackage-snapshots/master/lts/18/18.yaml
    sha256: 63539429076b7ebbab6daa7656cfb079393bf644971156dc349d7c0453694ac2
  original:
    url: https://raw.githubusercontent.com/commercialhaskell/stackage-snapshots/master/lts/18/18.yaml
